
Microsoft Visual Studio Solution File, Format Version 12.00
# Visual Studio Version 17
VisualStudioVersion = 17.4.33403.182
MinimumVisualStudioVersion = 10.0.40219.1
Project("{FAE04EC0-301F-11D3-BF4B-00C04F79EFBC}") = "While_RaizQuadrada", "While_RaizQuadrada\While_RaizQuadrada.csproj", "{7945B306-E6B3-4D8B-8C31-61645DB92ADF}"
EndProject
Global
	GlobalSection(SolutionConfigurationPlatforms) = preSolution
		Debug|Any CPU = Debug|Any CPU
		Release|Any CPU = Release|Any CPU
	EndGlobalSection
	GlobalSection(ProjectConfigurationPlatforms) = postSolution
		{7945B306-E6B3-4D8B-8C31-61645DB92ADF}.Debug|Any CPU.ActiveCfg = Debug|Any CPU
		{7945B306-E6B3-4D8B-8C31-61645DB92ADF}.Debug|Any CPU.Build.0 = Debug|Any CPU
		{7945B306-E6B3-4D8B-8C31-61645DB92ADF}.Release|Any CPU.ActiveCfg = Release|Any CPU
		{7945B306-E6B3-4D8B-8C31-61645DB92ADF}.Release|Any CPU.Build.0 = Release|Any CPU
	EndGlobalSection
	GlobalSection(SolutionProperties) = preSolution
		HideSolutionNode = FALSE
	EndGlobalSection
	GlobalSection(ExtensibilityGlobals) = postSolution
		SolutionGuid = {28E15D92-5372-4828-8C5C-DE98DEFCE8CB}
	EndGlobalSection
EndGlobal
